
Microsoft Visual Studio Solution File, Format Version 12.00
# Visual Studio Version 17
VisualStudioVersion = 17.5.001.0
MinimumVisualStudioVersion = 10.0.40219.1
Project("{2150E333-8FDC-42A3-9474-1A3956D46DE8}") = "csharp-prep", "csharp-prep", "{3F88A7A0-AFCA-4386-A642-68713A5E96DA}"
EndProject
Project("{9A19103F-16F7-4668-BE54-9A1E7A4F7556}") = "Prep1", "csharp-prep\Prep1\Prep1.csproj", "{851E4400-5C1E-4226-81B3-2DE8DA4B8C8E}"
EndProject
Project("{9A19103F-16F7-4668-BE54-9A1E7A4F7556}") = "Prep2", "csharp-prep\Prep2\Prep2.csproj", "{D6D17B72-397F-473D-859E-3F20729798BE}"
EndProject
Project("{9A19103F-16F7-4668-BE54-9A1E7A4F7556}") = "Prep3", "csharp-prep\Prep3\Prep3.csproj", "{A4C482E6-A2E6-445F-8D78-FA3A6B51F3B9}"
EndProject
Project("{9A19103F-16F7-4668-BE54-9A1E7A4F7556}") = "Prep4", "csharp-prep\Prep4\Prep4.csproj", "{B35D2224-9416-4CF2-ACC1-7F70393525E9}"
EndProject
Project("{9A19103F-16F7-4668-BE54-9A1E7A4F7556}") = "Prep5", "csharp-prep\Prep5\Prep5.csproj", "{8CDCFFBF-F0D5-438F-BEAA-96B75B29C0A9}"
EndProject
Project("{2150E333-8FDC-42A3-9474-1A3956D46DE8}") = "final", "final", "{AC8AFCA4-D2B1-46EA-ACC2-E2EE9F44F531}"
EndProject
Project("{9A19103F-16F7-4668-BE54-9A1E7A4F7556}") = "FinalProject", "final\FinalProject\FinalProject.csproj", "{8098CF39-DFDF-4249-897D-F1B97184A3F3}"
EndProject
Project("{9A19103F-16F7-4668-BE54-9A1E7A4F7556}") = "Foundation1", "final\Foundation1\Foundation1.csproj", "{655DBE32-2E9D-4FBA-98AD-3FE8863738B9}"
EndProject
Project("{9A19103F-16F7-4668-BE54-9A1E7A4F7556}") = "Foundation2", "final\Foundation2\Foundation2.csproj", "{21D80276-BCE8-466A-A8CF-69676F34424F}"
EndProject
Project("{9A19103F-16F7-4668-BE54-9A1E7A4F7556}") = "Foundation3", "final\Foundation3\Foundation3.csproj", "{1A9687B0-FE3C-4814-9119-AFD38ED4E136}"
EndProject
Project("{9A19103F-16F7-4668-BE54-9A1E7A4F7556}") = "Foundation4", "final\Foundation4\Foundation4.csproj", "{32C9AC4A-46F9-4E5D-AD3D-39D732AECF5D}"
EndProject
Project("{2150E333-8FDC-42A3-9474-1A3956D46DE8}") = "prepare", "prepare", "{F0F3CC9A-79F2-4A20-B815-2F911F093AB9}"
EndProject
Project("{9A19103F-16F7-4668-BE54-9A1E7A4F7556}") = "Learning02", "prepare\Learning02\Learning02.csproj", "{F600652B-95AE-4D16-89C8-F6F899557A35}"
EndProject
Project("{9A19103F-16F7-4668-BE54-9A1E7A4F7556}") = "Learning03", "prepare\Learning03\Learning03.csproj", "{1221FECF-1B22-4FBF-9DFD-93B50E415253}"
EndProject
Project("{9A19103F-16F7-4668-BE54-9A1E7A4F7556}") = "Learning04", "prepare\Learning04\Learning04.csproj", "{4B675988-508B-4DAB-9DE0-F48DBD613088}"
EndProject
Project("{9A19103F-16F7-4668-BE54-9A1E7A4F7556}") = "Learning05", "prepare\Learning05\Learning05.csproj", "{B7B1F914-A1EE-403B-9CCE-9063871807D6}"
EndProject
Project("{2150E333-8FDC-42A3-9474-1A3956D46DE8}") = "prove", "prove", "{7EB209F3-5E7B-4B35-A69F-74FFE48317F6}"
EndProject
Project("{9A19103F-16F7-4668-BE54-9A1E7A4F7556}") = "Develop02", "prove\Develop02\Develop02.csproj", "{0F60472A-0F2A-4D15-9555-96C724F48315}"
EndProject
Project("{9A19103F-16F7-4668-BE54-9A1E7A4F7556}") = "Develop03", "prove\Develop03\Develop03.csproj", "{AF9BCF20-10F3-4C96-8A9E-E46D5DD72B43}"
EndProject
Project("{9A19103F-16F7-4668-BE54-9A1E7A4F7556}") = "Develop04", "prove\Develop04\Develop04.csproj", "{9C283974-7C7A-49AE-96C5-AF0D4D3A092D}"
EndProject
Project("{9A19103F-16F7-4668-BE54-9A1E7A4F7556}") = "Develop05", "prove\Develop05\Develop05.csproj", "{EF28526F-5C21-4AC3-88E2-926384B194CC}"
EndProject
Project("{2150E333-8FDC-42A3-9474-1A3956D46DE8}") = "sandbox", "sandbox", "{1B13A61F-B69D-420A-868D-8F26FCBC0482}"
EndProject
Project("{9A19103F-16F7-4668-BE54-9A1E7A4F7556}") = "Sandbox", "sandbox\Sandbox\Sandbox.csproj", "{555161B2-F747-45D7-8B56-31AD5D0725D8}"
EndProject
Global
	GlobalSection(SolutionConfigurationPlatforms) = preSolution
		Debug|Any CPU = Debug|Any CPU
		Release|Any CPU = Release|Any CPU
	EndGlobalSection
	GlobalSection(ProjectConfigurationPlatforms) = postSolution
		{851E4400-5C1E-4226-81B3-2DE8DA4B8C8E}.Debug|Any CPU.ActiveCfg = Debug|Any CPU
		{851E4400-5C1E-4226-81B3-2DE8DA4B8C8E}.Debug|Any CPU.Build.0 = Debug|Any CPU
		{851E4400-5C1E-4226-81B3-2DE8DA4B8C8E}.Release|Any CPU.ActiveCfg = Release|Any CPU
		{851E4400-5C1E-4226-81B3-2DE8DA4B8C8E}.Release|Any CPU.Build.0 = Release|Any CPU
		{D6D17B72-397F-473D-859E-3F20729798BE}.Debug|Any CPU.ActiveCfg = Debug|Any CPU
		{D6D17B72-397F-473D-859E-3F20729798BE}.Debug|Any CPU.Build.0 = Debug|Any CPU
		{D6D17B72-397F-473D-859E-3F20729798BE}.Release|Any CPU.ActiveCfg = Release|Any CPU
		{D6D17B72-397F-473D-859E-3F20729798BE}.Release|Any CPU.Build.0 = Release|Any CPU
		{A4C482E6-A2E6-445F-8D78-FA3A6B51F3B9}.Debug|Any CPU.ActiveCfg = Debug|Any CPU
		{A4C482E6-A2E6-445F-8D78-FA3A6B51F3B9}.Debug|Any CPU.Build.0 = Debug|Any CPU
		{A4C482E6-A2E6-445F-8D78-FA3A6B51F3B9}.Release|Any CPU.ActiveCfg = Release|Any CPU
		{A4C482E6-A2E6-445F-8D78-FA3A6B51F3B9}.Release|Any CPU.Build.0 = Release|Any CPU
		{B35D2224-9416-4CF2-ACC1-7F70393525E9}.Debug|Any CPU.ActiveCfg = Debug|Any CPU
		{B35D2224-9416-4CF2-ACC1-7F70393525E9}.Debug|Any CPU.Build.0 = Debug|Any CPU
		{B35D2224-9416-4CF2-ACC1-7F70393525E9}.Release|Any CPU.ActiveCfg = Release|Any CPU
		{B35D2224-9416-4CF2-ACC1-7F70393525E9}.Release|Any CPU.Build.0 = Release|Any CPU
		{8CDCFFBF-F0D5-438F-BEAA-96B75B29C0A9}.Debug|Any CPU.ActiveCfg = Debug|Any CPU
		{8CDCFFBF-F0D5-438F-BEAA-96B75B29C0A9}.Debug|Any CPU.Build.0 = Debug|Any CPU
		{8CDCFFBF-F0D5-438F-BEAA-96B75B29C0A9}.Release|Any CPU.ActiveCfg = Release|Any CPU
		{8CDCFFBF-F0D5-438F-BEAA-96B75B29C0A9}.Release|Any CPU.Build.0 = Release|Any CPU
		{8098CF39-DFDF-4249-897D-F1B97184A3F3}.Debug|Any CPU.ActiveCfg = Debug|Any CPU
		{8098CF39-DFDF-4249-897D-F1B97184A3F3}.Debug|Any CPU.Build.0 = Debug|Any CPU
		{8098CF39-DFDF-4249-897D-F1B97184A3F3}.Release|Any CPU.ActiveCfg = Release|Any CPU
		{8098CF39-DFDF-4249-897D-F1B97184A3F3}.Release|Any CPU.Build.0 = Release|Any CPU
		{655DBE32-2E9D-4FBA-98AD-3FE8863738B9}.Debug|Any CPU.ActiveCfg = Debug|Any CPU
		{655DBE32-2E9D-4FBA-98AD-3FE8863738B9}.Debug|Any CPU.Build.0 = Debug|Any CPU
		{655DBE32-2E9D-4FBA-98AD-3FE8863738B9}.Release|Any CPU.ActiveCfg = Release|Any CPU
		{655DBE32-2E9D-4FBA-98AD-3FE8863738B9}.Release|Any CPU.Build.0 = Release|Any CPU
		{21D80276-BCE8-466A-A8CF-69676F34424F}.Debug|Any CPU.ActiveCfg = Debug|Any CPU
		{21D80276-BCE8-466A-A8CF-69676F34424F}.Debug|Any CPU.Build.0 = Debug|Any CPU
		{21D80276-BCE8-466A-A8CF-69676F34424F}.Release|Any CPU.ActiveCfg = Release|Any CPU
		{21D80276-BCE8-466A-A8CF-69676F34424F}.Release|Any CPU.Build.0 = Release|Any CPU
		{1A9687B0-FE3C-4814-9119-AFD38ED4E136}.Debug|Any CPU.ActiveCfg = Debug|Any CPU
		{1A9687B0-FE3C-4814-9119-AFD38ED4E136}.Debug|Any CPU.Build.0 = Debug|Any CPU
		{1A9687B0-FE3C-4814-9119-AFD38ED4E136}.Release|Any CPU.ActiveCfg = Release|Any CPU
		{1A9687B0-FE3C-4814-9119-AFD38ED4E136}.Release|Any CPU.Build.0 = Release|Any CPU
		{32C9AC4A-46F9-4E5D-AD3D-39D732AECF5D}.Debug|Any CPU.ActiveCfg = Debug|Any CPU
		{32C9AC4A-46F9-4E5D-AD3D-39D732AECF5D}.Debug|Any CPU.Build.0 = Debug|Any CPU
		{32C9AC4A-46F9-4E5D-AD3D-39D732AECF5D}.Release|Any CPU.ActiveCfg = Release|Any CPU
		{32C9AC4A-46F9-4E5D-AD3D-39D732AECF5D}.Release|Any CPU.Build.0 = Release|Any CPU
		{F600652B-95AE-4D16-89C8-F6F899557A35}.Debug|Any CPU.ActiveCfg = Debug|Any CPU
		{F600652B-95AE-4D16-89C8-F6F899557A35}.Debug|Any CPU.Build.0 = Debug|Any CPU
		{F600652B-95AE-4D16-89C8-F6F899557A35}.Release|Any CPU.ActiveCfg = Release|Any CPU
		{F600652B-95AE-4D16-89C8-F6F899557A35}.Release|Any CPU.Build.0 = Release|Any CPU
		{1221FECF-1B22-4FBF-9DFD-93B50E415253}.Debug|Any CPU.ActiveCfg = Debug|Any CPU
		{1221FECF-1B22-4FBF-9DFD-93B50E415253}.Debug|Any CPU.Build.0 = Debug|Any CPU
		{1221FECF-1B22-4FBF-9DFD-93B50E415253}.Release|Any CPU.ActiveCfg = Release|Any CPU
		{1221FECF-1B22-4FBF-9DFD-93B50E415253}.Release|Any CPU.Build.0 = Release|Any CPU
		{4B675988-508B-4DAB-9DE0-F48DBD613088}.Debug|Any CPU.ActiveCfg = Debug|Any CPU
		{4B675988-508B-4DAB-9DE0-F48DBD613088}.Debug|Any CPU.Build.0 = Debug|Any CPU
		{4B675988-508B-4DAB-9DE0-F48DBD613088}.Release|Any CPU.ActiveCfg = Release|Any CPU
		{4B675988-508B-4DAB-9DE0-F48DBD613088}.Release|Any CPU.Build.0 = Release|Any CPU
		{B7B1F914-A1EE-403B-9CCE-9063871807D6}.Debug|Any CPU.ActiveCfg = Debug|Any CPU
		{B7B1F914-A1EE-403B-9CCE-9063871807D6}.Debug|Any CPU.Build.0 = Debug|Any CPU
		{B7B1F914-A1EE-403B-9CCE-9063871807D6}.Release|Any CPU.ActiveCfg = Release|Any CPU
		{B7B1F914-A1EE-403B-9CCE-9063871807D6}.Release|Any CPU.Build.0 = Release|Any CPU
		{0F60472A-0F2A-4D15-9555-96C724F48315}.Debug|Any CPU.ActiveCfg = Debug|Any CPU
		{0F60472A-0F2A-4D15-9555-96C724F48315}.Debug|Any CPU.Build.0 = Debug|Any CPU
		{0F60472A-0F2A-4D15-9555-96C724F48315}.Release|Any CPU.ActiveCfg = Release|Any CPU
		{0F60472A-0F2A-4D15-9555-96C724F48315}.Release|Any CPU.Build.0 = Release|Any CPU
		{AF9BCF20-10F3-4C96-8A9E-E46D5DD72B43}.Debug|Any CPU.ActiveCfg = Debug|Any CPU
		{AF9BCF20-10F3-4C96-8A9E-E46D5DD72B43}.Debug|Any CPU.Build.0 = Debug|Any CPU
		{AF9BCF20-10F3-4C96-8A9E-E46D5DD72B43}.Release|Any CPU.ActiveCfg = Release|Any CPU
		{AF9BCF20-10F3-4C96-8A9E-E46D5DD72B43}.Release|Any CPU.Build.0 = Release|Any CPU
		{9C283974-7C7A-49AE-96C5-AF0D4D3A092D}.Debug|Any CPU.ActiveCfg = Debug|Any CPU
		{9C283974-7C7A-49AE-96C5-AF0D4D3A092D}.Debug|Any CPU.Build.0 = Debug|Any CPU
		{9C283974-7C7A-49AE-96C5-AF0D4D3A092D}.Release|Any CPU.ActiveCfg = Release|Any CPU
		{9C283974-7C7A-49AE-96C5-AF0D4D3A092D}.Release|Any CPU.Build.0 = Release|Any CPU
		{EF28526F-5C21-4AC3-88E2-926384B194CC}.Debug|Any CPU.ActiveCfg = Debug|Any CPU
		{EF28526F-5C21-4AC3-88E2-926384B194CC}.Debug|Any CPU.Build.0 = Debug|Any CPU
		{EF28526F-5C21-4AC3-88E2-926384B194CC}.Release|Any CPU.ActiveCfg = Release|Any CPU
		{EF28526F-5C21-4AC3-88E2-926384B194CC}.Release|Any CPU.Build.0 = Release|Any CPU
		{555161B2-F747-45D7-8B56-31AD5D0725D8}.Debug|Any CPU.ActiveCfg = Debug|Any CPU
		{555161B2-F747-45D7-8B56-31AD5D0725D8}.Debug|Any CPU.Build.0 = Debug|Any CPU
		{555161B2-F747-45D7-8B56-31AD5D0725D8}.Release|Any CPU.ActiveCfg = Release|Any CPU
		{555161B2-F747-45D7-8B56-31AD5D0725D8}.Release|Any CPU.Build.0 = Release|Any CPU
	EndGlobalSection
	GlobalSection(SolutionProperties) = preSolution
		HideSolutionNode = FALSE
	EndGlobalSection
	GlobalSection(NestedProjects) = preSolution
		{851E4400-5C1E-4226-81B3-2DE8DA4B8C8E} = {3F88A7A0-AFCA-4386-A642-68713A5E96DA}
		{D6D17B72-397F-473D-859E-3F20729798BE} = {3F88A7A0-AFCA-4386-A642-68713A5E96DA}
		{A4C482E6-A2E6-445F-8D78-FA3A6B51F3B9} = {3F88A7A0-AFCA-4386-A642-68713A5E96DA}
		{B35D2224-9416-4CF2-ACC1-7F70393525E9} = {3F88A7A0-AFCA-4386-A642-68713A5E96DA}
		{8CDCFFBF-F0D5-438F-BEAA-96B75B29C0A9} = {3F88A7A0-AFCA-4386-A642-68713A5E96DA}
		{8098CF39-DFDF-4249-897D-F1B97184A3F3} = {AC8AFCA4-D2B1-46EA-ACC2-E2EE9F44F531}
		{655DBE32-2E9D-4FBA-98AD-3FE8863738B9} = {AC8AFCA4-D2B1-46EA-ACC2-E2EE9F44F531}
		{21D80276-BCE8-466A-A8CF-69676F34424F} = {AC8AFCA4-D2B1-46EA-ACC2-E2EE9F44F531}
		{1A9687B0-FE3C-4814-9119-AFD38ED4E136} = {AC8AFCA4-D2B1-46EA-ACC2-E2EE9F44F531}
		{32C9AC4A-46F9-4E5D-AD3D-39D732AECF5D} = {AC8AFCA4-D2B1-46EA-ACC2-E2EE9F44F531}
		{F600652B-95AE-4D16-89C8-F6F899557A35} = {F0F3CC9A-79F2-4A20-B815-2F911F093AB9}
		{1221FECF-1B22-4FBF-9DFD-93B50E415253} = {F0F3CC9A-79F2-4A20-B815-2F911F093AB9}
		{4B675988-508B-4DAB-9DE0-F48DBD613088} = {F0F3CC9A-79F2-4A20-B815-2F911F093AB9}
		{B7B1F914-A1EE-403B-9CCE-9063871807D6} = {F0F3CC9A-79F2-4A20-B815-2F911F093AB9}
		{0F60472A-0F2A-4D15-9555-96C724F48315} = {7EB209F3-5E7B-4B35-A69F-74FFE48317F6}
		{AF9BCF20-10F3-4C96-8A9E-E46D5DD72B43} = {7EB209F3-5E7B-4B35-A69F-74FFE48317F6}
		{9C283974-7C7A-49AE-96C5-AF0D4D3A092D} = {7EB209F3-5E7B-4B35-A69F-74FFE48317F6}
		{EF28526F-5C21-4AC3-88E2-926384B194CC} = {7EB209F3-5E7B-4B35-A69F-74FFE48317F6}
		{555161B2-F747-45D7-8B56-31AD5D0725D8} = {1B13A61F-B69D-420A-868D-8F26FCBC0482}
	EndGlobalSection
	GlobalSection(ExtensibilityGlobals) = postSolution
		SolutionGuid = {5691A05A-EF40-4BAB-84BA-5CA9972DA2CD}
	EndGlobalSection
EndGlobal
